
Microsoft Visual Studio Solution File, Format Version 12.00
# Visual Studio 15
VisualStudioVersion = 15.0.28307.1082
MinimumVisualStudioVersion = 10.0.40219.1
Project("{FAE04EC0-301F-11D3-BF4B-00C04F79EFBC}") = "WebStore", "WebStore\WebStore.csproj", "{7E11E325-D8B3-4AF2-A9BC-4AA7B985187F}"
EndProject
Global
	GlobalSection(SolutionConfigurationPlatforms) = preSolution
		Debug|Any CPU = Debug|Any CPU
		Release|Any CPU = Release|Any CPU
	EndGlobalSection
	GlobalSection(ProjectConfigurationPlatforms) = postSolution
		{7E11E325-D8B3-4AF2-A9BC-4AA7B985187F}.Debug|Any CPU.ActiveCfg = Debug|Any CPU
		{7E11E325-D8B3-4AF2-A9BC-4AA7B985187F}.Debug|Any CPU.Build.0 = Debug|Any CPU
		{7E11E325-D8B3-4AF2-A9BC-4AA7B985187F}.Release|Any CPU.ActiveCfg = Release|Any CPU
		{7E11E325-D8B3-4AF2-A9BC-4AA7B985187F}.Release|Any CPU.Build.0 = Release|Any CPU
	EndGlobalSection
	GlobalSection(SolutionProperties) = preSolution
		HideSolutionNode = FALSE
	EndGlobalSection
	GlobalSection(ExtensibilityGlobals) = postSolution
		SolutionGuid = {16251EF9-ED85-4504-9146-32D0210015AC}
	EndGlobalSection
EndGlobal
